
Microsoft Visual Studio Solution File, Format Version 12.00
# Visual Studio Version 16
VisualStudioVersion = 16.0.30804.86
MinimumVisualStudioVersion = 10.0.40219.1
Project("{FAE04EC0-301F-11D3-BF4B-00C04F79EFBC}") = "ProteiTestApp", "ProteiTestApp.csproj", "{D9E15E1A-10A7-43D1-A58A-9761A0FC926A}"
EndProject
Project("{FAE04EC0-301F-11D3-BF4B-00C04F79EFBC}") = "ProteiTestAppTestProject", "..\ProteiTestAppTestProject\ProteiTestAppTestProject.csproj", "{F13956EF-B6D4-498B-A397-00F829FD5B50}"
EndProject
Global
	GlobalSection(SolutionConfigurationPlatforms) = preSolution
		Debug|Any CPU = Debug|Any CPU
		Release|Any CPU = Release|Any CPU
	EndGlobalSection
	GlobalSection(ProjectConfigurationPlatforms) = postSolution
		{D9E15E1A-10A7-43D1-A58A-9761A0FC926A}.Debug|Any CPU.ActiveCfg = Debug|Any CPU
		{D9E15E1A-10A7-43D1-A58A-9761A0FC926A}.Debug|Any CPU.Build.0 = Debug|Any CPU
		{D9E15E1A-10A7-43D1-A58A-9761A0FC926A}.Release|Any CPU.ActiveCfg = Release|Any CPU
		{D9E15E1A-10A7-43D1-A58A-9761A0FC926A}.Release|Any CPU.Build.0 = Release|Any CPU
		{F13956EF-B6D4-498B-A397-00F829FD5B50}.Debug|Any CPU.ActiveCfg = Debug|Any CPU
		{F13956EF-B6D4-498B-A397-00F829FD5B50}.Debug|Any CPU.Build.0 = Debug|Any CPU
		{F13956EF-B6D4-498B-A397-00F829FD5B50}.Release|Any CPU.ActiveCfg = Release|Any CPU
		{F13956EF-B6D4-498B-A397-00F829FD5B50}.Release|Any CPU.Build.0 = Release|Any CPU
	EndGlobalSection
	GlobalSection(SolutionProperties) = preSolution
		HideSolutionNode = FALSE
	EndGlobalSection
	GlobalSection(ExtensibilityGlobals) = postSolution
		SolutionGuid = {623F1D3A-8AD7-4657-AE37-3B321DBE2169}
	EndGlobalSection
EndGlobal
